
Microsoft Visual Studio Solution File, Format Version 12.00
# Visual Studio Version 17
VisualStudioVersion = 17.11.35327.3
MinimumVisualStudioVersion = 10.0.40219.1
Project("{FAE04EC0-301F-11D3-BF4B-00C04F79EFBC}") = "NammaTrack.API", "NammaTrack.API\NammaTrack.API.csproj", "{D9B47C7F-5032-44BC-A5E4-61B25D8031A0}"
EndProject
Project("{FAE04EC0-301F-11D3-BF4B-00C04F79EFBC}") = "NammaTrack.Application", "NammaTrack.Application\NammaTrack.Application.csproj", "{567FDE21-A1A2-4F34-BAA1-A933760EB1F6}"
EndProject
Project("{FAE04EC0-301F-11D3-BF4B-00C04F79EFBC}") = "NammaTrack.Domain", "NammaTrack.Domain\NammaTrack.Domain.csproj", "{0FF78CB4-6787-49D1-A05E-CBB98CD72F1E}"
EndProject
Project("{FAE04EC0-301F-11D3-BF4B-00C04F79EFBC}") = "NammaTrack.Infrastructure", "NammaTrack.Infrastructure\NammaTrack.Infrastructure.csproj", "{A00474EA-F72A-4B6D-8749-857588E59297}"
EndProject
Global
	GlobalSection(SolutionConfigurationPlatforms) = preSolution
		Debug|Any CPU = Debug|Any CPU
		Release|Any CPU = Release|Any CPU
	EndGlobalSection
	GlobalSection(ProjectConfigurationPlatforms) = postSolution
		{D9B47C7F-5032-44BC-A5E4-61B25D8031A0}.Debug|Any CPU.ActiveCfg = Debug|Any CPU
		{D9B47C7F-5032-44BC-A5E4-61B25D8031A0}.Debug|Any CPU.Build.0 = Debug|Any CPU
		{D9B47C7F-5032-44BC-A5E4-61B25D8031A0}.Release|Any CPU.ActiveCfg = Release|Any CPU
		{D9B47C7F-5032-44BC-A5E4-61B25D8031A0}.Release|Any CPU.Build.0 = Release|Any CPU
		{567FDE21-A1A2-4F34-BAA1-A933760EB1F6}.Debug|Any CPU.ActiveCfg = Debug|Any CPU
		{567FDE21-A1A2-4F34-BAA1-A933760EB1F6}.Debug|Any CPU.Build.0 = Debug|Any CPU
		{567FDE21-A1A2-4F34-BAA1-A933760EB1F6}.Release|Any CPU.ActiveCfg = Release|Any CPU
		{567FDE21-A1A2-4F34-BAA1-A933760EB1F6}.Release|Any CPU.Build.0 = Release|Any CPU
		{0FF78CB4-6787-49D1-A05E-CBB98CD72F1E}.Debug|Any CPU.ActiveCfg = Debug|Any CPU
		{0FF78CB4-6787-49D1-A05E-CBB98CD72F1E}.Debug|Any CPU.Build.0 = Debug|Any CPU
		{0FF78CB4-6787-49D1-A05E-CBB98CD72F1E}.Release|Any CPU.ActiveCfg = Release|Any CPU
		{0FF78CB4-6787-49D1-A05E-CBB98CD72F1E}.Release|Any CPU.Build.0 = Release|Any CPU
		{A00474EA-F72A-4B6D-8749-857588E59297}.Debug|Any CPU.ActiveCfg = Debug|Any CPU
		{A00474EA-F72A-4B6D-8749-857588E59297}.Debug|Any CPU.Build.0 = Debug|Any CPU
		{A00474EA-F72A-4B6D-8749-857588E59297}.Release|Any CPU.ActiveCfg = Release|Any CPU
		{A00474EA-F72A-4B6D-8749-857588E59297}.Release|Any CPU.Build.0 = Release|Any CPU
	EndGlobalSection
	GlobalSection(SolutionProperties) = preSolution
		HideSolutionNode = FALSE
	EndGlobalSection
	GlobalSection(ExtensibilityGlobals) = postSolution
		SolutionGuid = {ADD58A37-1EF4-40A0-9A23-9A4C9F7BA86D}
	EndGlobalSection
EndGlobal
